
Microsoft Visual Studio Solution File, Format Version 12.00
# Visual Studio Version 16
VisualStudioVersion = 16.0.30621.155
MinimumVisualStudioVersion = 10.0.40219.1
Project("{FAE04EC0-301F-11D3-BF4B-00C04F79EFBC}") = "ConsoleApp8", "ConsoleApp8\ConsoleApp8.csproj", "{C7072552-15AD-48EF-A4B9-0A94727F2EC8}"
EndProject
Global
	GlobalSection(SolutionConfigurationPlatforms) = preSolution
		Debug|Any CPU = Debug|Any CPU
		Release|Any CPU = Release|Any CPU
	EndGlobalSection
	GlobalSection(ProjectConfigurationPlatforms) = postSolution
		{C7072552-15AD-48EF-A4B9-0A94727F2EC8}.Debug|Any CPU.ActiveCfg = Debug|Any CPU
		{C7072552-15AD-48EF-A4B9-0A94727F2EC8}.Debug|Any CPU.Build.0 = Debug|Any CPU
		{C7072552-15AD-48EF-A4B9-0A94727F2EC8}.Release|Any CPU.ActiveCfg = Release|Any CPU
		{C7072552-15AD-48EF-A4B9-0A94727F2EC8}.Release|Any CPU.Build.0 = Release|Any CPU
	EndGlobalSection
	GlobalSection(SolutionProperties) = preSolution
		HideSolutionNode = FALSE
	EndGlobalSection
	GlobalSection(ExtensibilityGlobals) = postSolution
		SolutionGuid = {1F6F1858-7FBA-4444-904F-AAAF6FD24285}
	EndGlobalSection
EndGlobal
